{
  "version": 4,
  "terraform_version": "1.14.5",
  "serial": 1545,
  "lineage": "cb8ab88d-3c40-95ce-329f-f0661d121fa7",
  "outputs": {
    "talos_image_factory_urls": {
      "value": {
        "architecture": "amd64",
        "id": "",
        "platform": "metal",
        "sbc": null,
        "schematic_id": "53513e54bb39202f35694412577a6bc53d484744d35a126e5d42ef34785c0d83",
        "talos_version": "v1.12.4",
        "urls": {
          "disk_image": "https://factory.talos.dev/image/53513e54bb39202f35694412577a6bc53d484744d35a126e5d42ef34785c0d83/v1.12.4/metal-amd64.raw.zst",
          "disk_image_secureboot": "https://factory.talos.dev/image/53513e54bb39202f35694412577a6bc53d484744d35a126e5d42ef34785c0d83/v1.12.4/metal-amd64-secureboot.raw.zst",
          "initramfs": "https://factory.talos.dev/image/53513e54bb39202f35694412577a6bc53d484744d35a126e5d42ef34785c0d83/v1.12.4/initramfs-amd64.xz",
          "installer": "factory.talos.dev/metal-installer/53513e54bb39202f35694412577a6bc53d484744d35a126e5d42ef34785c0d83:v1.12.4",
          "installer_secureboot": "factory.talos.dev/metal-installer-secureboot/53513e54bb39202f35694412577a6bc53d484744d35a126e5d42ef34785c0d83:v1.12.4",
          "iso": "https://factory.talos.dev/image/53513e54bb39202f35694412577a6bc53d484744d35a126e5d42ef34785c0d83/v1.12.4/metal-amd64.iso",
          "iso_secureboot": "https://factory.talos.dev/image/53513e54bb39202f35694412577a6bc53d484744d35a126e5d42ef34785c0d83/v1.12.4/metal-amd64-secureboot.iso",
          "kernel": "https://factory.talos.dev/image/53513e54bb39202f35694412577a6bc53d484744d35a126e5d42ef34785c0d83/v1.12.4/kernel-amd64",
          "kernel_command_line": "https://factory.talos.dev/image/53513e54bb39202f35694412577a6bc53d484744d35a126e5d42ef34785c0d83/v1.12.4/cmdline-metal-amd64",
          "pxe": "https://pxe.factory.talos.dev/pxe/53513e54bb39202f35694412577a6bc53d484744d35a126e5d42ef34785c0d83/v1.12.4/metal-amd64",
          "uki": "https://factory.talos.dev/image/53513e54bb39202f35694412577a6bc53d484744d35a126e5d42ef34785c0d83/v1.12.4/metal-amd64-secureboot-uki.efi"
        }
      },
      "type": [
        "object",
        {
          "architecture": "string",
          "id": "string",
          "platform": "string",
          "sbc": "string",
          "schematic_id": "string",
          "talos_version": "string",
          "urls": [
            "object",
            {
              "disk_image": "string",
              "disk_image_secureboot": "string",
              "initramfs": "string",
              "installer": "string",
              "installer_secureboot": "string",
              "iso": "string",
              "iso_secureboot": "string",
              "kernel": "string",
              "kernel_command_line": "string",
              "pxe": "string",
              "uki": "string"
            }
          ]
        }
      ]
    }
  },
  "resources": [
    {
      "mode": "data",
      "type": "talos_image_factory_urls",
      "name": "this",
      "provider": "provider[\"registry.terraform.io/siderolabs/talos\"]",
      "instances": [
        {
          "schema_version": 0,
          "attributes": {
            "architecture": "amd64",
            "id": "",
            "platform": "metal",
            "sbc": null,
            "schematic_id": "53513e54bb39202f35694412577a6bc53d484744d35a126e5d42ef34785c0d83",
            "talos_version": "v1.12.4",
            "urls": {
              "disk_image": "https://factory.talos.dev/image/53513e54bb39202f35694412577a6bc53d484744d35a126e5d42ef34785c0d83/v1.12.4/metal-amd64.raw.zst",
              "disk_image_secureboot": "https://factory.talos.dev/image/53513e54bb39202f35694412577a6bc53d484744d35a126e5d42ef34785c0d83/v1.12.4/metal-amd64-secureboot.raw.zst",
              "initramfs": "https://factory.talos.dev/image/53513e54bb39202f35694412577a6bc53d484744d35a126e5d42ef34785c0d83/v1.12.4/initramfs-amd64.xz",
              "installer": "factory.talos.dev/metal-installer/53513e54bb39202f35694412577a6bc53d484744d35a126e5d42ef34785c0d83:v1.12.4",
              "installer_secureboot": "factory.talos.dev/metal-installer-secureboot/53513e54bb39202f35694412577a6bc53d484744d35a126e5d42ef34785c0d83:v1.12.4",
              "iso": "https://factory.talos.dev/image/53513e54bb39202f35694412577a6bc53d484744d35a126e5d42ef34785c0d83/v1.12.4/metal-amd64.iso",
              "iso_secureboot": "https://factory.talos.dev/image/53513e54bb39202f35694412577a6bc53d484744d35a126e5d42ef34785c0d83/v1.12.4/metal-amd64-secureboot.iso",
              "kernel": "https://factory.talos.dev/image/53513e54bb39202f35694412577a6bc53d484744d35a126e5d42ef34785c0d83/v1.12.4/kernel-amd64",
              "kernel_command_line": "https://factory.talos.dev/image/53513e54bb39202f35694412577a6bc53d484744d35a126e5d42ef34785c0d83/v1.12.4/cmdline-metal-amd64",
              "pxe": "https://pxe.factory.talos.dev/pxe/53513e54bb39202f35694412577a6bc53d484744d35a126e5d42ef34785c0d83/v1.12.4/metal-amd64",
              "uki": "https://factory.talos.dev/image/53513e54bb39202f35694412577a6bc53d484744d35a126e5d42ef34785c0d83/v1.12.4/metal-amd64-secureboot-uki.efi"
            }
          },
          "sensitive_attributes": [],
          "identity_schema_version": 0
        }
      ]
    },
    {
      "mode": "managed",
      "type": "proxmox_storage_iso",
      "name": "talos",
      "provider": "provider[\"registry.terraform.io/telmate/proxmox\"]",
      "instances": [
        {
          "index_key": "pve1",
          "schema_version": 0,
          "attributes": {
            "checksum": null,
            "checksum_algorithm": null,
            "filename": "talos-v1.12.4-qemu-guest-agent_iscsi-tools_util-linux-tools.iso",
            "id": "local:iso/talos-v1.12.4-qemu-guest-agent_iscsi-tools_util-linux-tools.iso",
            "pve_node": "pve1",
            "storage": "local",
            "timeouts": null,
            "url": "https://factory.talos.dev/image/53513e54bb39202f35694412577a6bc53d484744d35a126e5d42ef34785c0d83/v1.12.4/metal-amd64.iso"
          },
          "sensitive_attributes": [],
          "identity_schema_version": 0,
          "private": "eyJlMmJmYjczMC1lY2FhLTExZTYtOGY4OC0zNDM2M2JjN2M0YzAiOnsiY3JlYXRlIjoxMjAwMDAwMDAwMDAwLCJkZWZhdWx0IjoxMjAwMDAwMDAwMDAwLCJkZWxldGUiOjEyMDAwMDAwMDAwMDAsInJlYWQiOjEyMDAwMDAwMDAwMDAsInVwZGF0ZSI6MTIwMDAwMDAwMDAwMH19",
          "dependencies": [
            "data.talos_image_factory_urls.this",
            "talos_image_factory_schematic.this"
          ]
        },
        {
          "index_key": "pve2",
          "schema_version": 0,
          "attributes": {
            "checksum": null,
            "checksum_algorithm": null,
            "filename": "talos-v1.12.4-qemu-guest-agent_iscsi-tools_util-linux-tools.iso",
            "id": "local:iso/talos-v1.12.4-qemu-guest-agent_iscsi-tools_util-linux-tools.iso",
            "pve_node": "pve2",
            "storage": "local",
            "timeouts": null,
            "url": "https://factory.talos.dev/image/53513e54bb39202f35694412577a6bc53d484744d35a126e5d42ef34785c0d83/v1.12.4/metal-amd64.iso"
          },
          "sensitive_attributes": [],
          "identity_schema_version": 0,
          "private": "eyJlMmJmYjczMC1lY2FhLTExZTYtOGY4OC0zNDM2M2JjN2M0YzAiOnsiY3JlYXRlIjoxMjAwMDAwMDAwMDAwLCJkZWZhdWx0IjoxMjAwMDAwMDAwMDAwLCJkZWxldGUiOjEyMDAwMDAwMDAwMDAsInJlYWQiOjEyMDAwMDAwMDAwMDAsInVwZGF0ZSI6MTIwMDAwMDAwMDAwMH19",
          "dependencies": [
            "data.talos_image_factory_urls.this",
            "talos_image_factory_schematic.this"
          ]
        },
        {
          "index_key": "pve3",
          "schema_version": 0,
          "attributes": {
            "checksum": null,
            "checksum_algorithm": null,
            "filename": "talos-v1.12.4-qemu-guest-agent_iscsi-tools_util-linux-tools.iso",
            "id": "local:iso/talos-v1.12.4-qemu-guest-agent_iscsi-tools_util-linux-tools.iso",
            "pve_node": "pve3",
            "storage": "local",
            "timeouts": null,
            "url": "https://factory.talos.dev/image/53513e54bb39202f35694412577a6bc53d484744d35a126e5d42ef34785c0d83/v1.12.4/metal-amd64.iso"
          },
          "sensitive_attributes": [],
          "identity_schema_version": 0,
          "private": "eyJlMmJmYjczMC1lY2FhLTExZTYtOGY4OC0zNDM2M2JjN2M0YzAiOnsiY3JlYXRlIjoxMjAwMDAwMDAwMDAwLCJkZWZhdWx0IjoxMjAwMDAwMDAwMDAwLCJkZWxldGUiOjEyMDAwMDAwMDAwMDAsInJlYWQiOjEyMDAwMDAwMDAwMDAsInVwZGF0ZSI6MTIwMDAwMDAwMDAwMH19",
          "dependencies": [
            "data.talos_image_factory_urls.this",
            "talos_image_factory_schematic.this"
          ]
        }
      ]
    },
    {
      "mode": "managed",
      "type": "talos_image_factory_schematic",
      "name": "this",
      "provider": "provider[\"registry.terraform.io/siderolabs/talos\"]",
      "instances": [
        {
          "schema_version": 0,
          "attributes": {
            "id": "53513e54bb39202f35694412577a6bc53d484744d35a126e5d42ef34785c0d83",
            "schematic": "\"customization\":\n  \"systemExtensions\":\n    \"officialExtensions\":\n    - \"siderolabs/qemu-guest-agent\"\n    - \"siderolabs/iscsi-tools\"\n    - \"siderolabs/util-linux-tools\"\n"
          },
          "sensitive_attributes": [],
          "identity_schema_version": 0
        }
      ]
    }
  ],
  "check_results": [
    {
      "object_kind": "var",
      "config_addr": "var.placement",
      "status": "pass",
      "objects": [
        {
          "object_addr": "var.placement",
          "status": "pass"
        }
      ]
    },
    {
      "object_kind": "var",
      "config_addr": "var.pve_capacity",
      "status": "pass",
      "objects": [
        {
          "object_addr": "var.pve_capacity",
          "status": "pass"
        }
      ]
    },
    {
      "object_kind": "var",
      "config_addr": "var.sizing",
      "status": "pass",
      "objects": [
        {
          "object_addr": "var.sizing",
          "status": "pass"
        }
      ]
    },
    {
      "object_kind": "var",
      "config_addr": "var.control_plane_count",
      "status": "pass",
      "objects": [
        {
          "object_addr": "var.control_plane_count",
          "status": "pass"
        }
      ]
    },
    {
      "object_kind": "var",
      "config_addr": "var.proxmox",
      "status": "pass",
      "objects": [
        {
          "object_addr": "var.proxmox",
          "status": "pass"
        }
      ]
    },
    {
      "object_kind": "var",
      "config_addr": "var.cluster_name",
      "status": "pass",
      "objects": [
        {
          "object_addr": "var.cluster_name",
          "status": "pass"
        }
      ]
    },
    {
      "object_kind": "var",
      "config_addr": "var.environment",
      "status": "pass",
      "objects": [
        {
          "object_addr": "var.environment",
          "status": "pass"
        }
      ]
    },
    {
      "object_kind": "var",
      "config_addr": "var.worker_count",
      "status": "pass",
      "objects": [
        {
          "object_addr": "var.worker_count",
          "status": "pass"
        }
      ]
    }
  ]
}
