{
  "version": 4,
  "terraform_version": "1.14.5",
  "serial": 554,
  "lineage": "cb8ab88d-3c40-95ce-329f-f0661d121fa7",
  "outputs": {
    "capacity_remaining_by_node": {
      "value": {
        "pve1": {
          "capacity_memory": 32000,
          "capacity_vcpu": 40,
          "remaining_memory": 19712,
          "remaining_vcpu": 26,
          "requested_memory": 12288,
          "requested_vcpu": 14
        },
        "pve2": {
          "capacity_memory": 32000,
          "capacity_vcpu": 24,
          "remaining_memory": 23808,
          "remaining_vcpu": 14,
          "requested_memory": 8192,
          "requested_vcpu": 10
        },
        "pve3": {
          "capacity_memory": 32000,
          "capacity_vcpu": 40,
          "remaining_memory": 32000,
          "remaining_vcpu": 40,
          "requested_memory": 0,
          "requested_vcpu": 0
        }
      },
      "type": [
        "object",
        {
          "pve1": [
            "object",
            {
              "capacity_memory": "number",
              "capacity_vcpu": "number",
              "remaining_memory": "number",
              "remaining_vcpu": "number",
              "requested_memory": "number",
              "requested_vcpu": "number"
            }
          ],
          "pve2": [
            "object",
            {
              "capacity_memory": "number",
              "capacity_vcpu": "number",
              "remaining_memory": "number",
              "remaining_vcpu": "number",
              "requested_memory": "number",
              "requested_vcpu": "number"
            }
          ],
          "pve3": [
            "object",
            {
              "capacity_memory": "number",
              "capacity_vcpu": "number",
              "remaining_memory": "number",
              "remaining_vcpu": "number",
              "requested_memory": "number",
              "requested_vcpu": "number"
            }
          ]
        }
      ]
    }
  },
  "resources": [
    {
      "mode": "managed",
      "type": "local_file",
      "name": "secrets_yaml",
      "provider": "provider[\"registry.terraform.io/hashicorp/local\"]",
      "instances": [
        {
          "schema_version": 0,
          "attributes": {
            "content": "\"certs\":\n  \"etcd\":\n    \"cert\": \"LS0tLS1CRUdJTiBDRVJUSUZJQ0FURS0tLS0tCk1JSUJmVENDQVNPZ0F3SUJBZ0lRTDMwZkxibkZmQUQvNUtZZDJsTEFVVEFLQmdncWhrak9QUVFEQWpBUE1RMHcKQ3dZRFZRUUtFd1JsZEdOa01CNFhEVEkyTURJeU1qRTVOVFV4TjFvWERUTTJNREl5TURFNU5UVXhOMW93RHpFTgpNQXNHQTFVRUNoTUVaWFJqWkRCWk1CTUdCeXFHU000OUFnRUdDQ3FHU000OUF3RUhBMElBQlBrUVZIM3AyRkRYCmNYVlE2SHlndlRGWTZMR1F1dVlqL2NrMkRZeUdsMHB2M3NtRmhkUjkxa0U3c3BmRXo0d2VzWlJPNjk1UWgyWXgKWFdxQlMxUWQ0UEdqWVRCZk1BNEdBMVVkRHdFQi93UUVBd0lDaERBZEJnTlZIU1VFRmpBVUJnZ3JCZ0VGQlFjRApBUVlJS3dZQkJRVUhBd0l3RHdZRFZSMFRBUUgvQkFVd0F3RUIvekFkQmdOVkhRNEVGZ1FVZnlLdFFLdEJqRzJ1ClhQNkJxeGVOUUlka2RwUXdDZ1lJS29aSXpqMEVBd0lEU0FBd1JRSWdaMU5uN0ViMzBLaE9XbEF3T1dmNmpEZFEKeDNEd2dJOWp3QjdJN2pwcEdqZ0NJUURkQ25kem1PeFl5OFVZdWxnaVpEUWtvc3R5Y2h3aVdJbzN0OXI2RzkwQgp2Zz09Ci0tLS0tRU5EIENFUlRJRklDQVRFLS0tLS0K\"\n    \"key\": \"LS0tLS1CRUdJTiBFQyBQUklWQVRFIEtFWS0tLS0tCk1IY0NBUUVFSUJUTndYcWQrMEg4eDZLS3NQYlVpODJoRVI3UXJYVzlHZWw2bVFzZ1hHakZvQW9HQ0NxR1NNNDkKQXdFSG9VUURRZ0FFK1JCVWZlbllVTmR4ZFZEb2ZLQzlNVmpvc1pDNjVpUDl5VFlOaklhWFNtL2V5WVdGMUgzVwpRVHV5bDhUUGpCNnhsRTdyM2xDSFpqRmRhb0ZMVkIzZzhRPT0KLS0tLS1FTkQgRUMgUFJJVkFURSBLRVktLS0tLQo=\"\n  \"k8s\":\n    \"cert\": \"LS0tLS1CRUdJTiBDRVJUSUZJQ0FURS0tLS0tCk1JSUJpVENDQVMrZ0F3SUJBZ0lRYkZSc0dLam04TTM1K0tCR2ZyWGNYakFLQmdncWhrak9QUVFEQWpBVk1STXcKRVFZRFZRUUtFd3ByZFdKbGNtNWxkR1Z6TUI0WERUSTJNREl5TWpFNU5UVXhOMW9YRFRNMk1ESXlNREU1TlRVeApOMW93RlRFVE1CRUdBMVVFQ2hNS2EzVmlaWEp1WlhSbGN6QlpNQk1HQnlxR1NNNDlBZ0VHQ0NxR1NNNDlBd0VICkEwSUFCQXdCVkg2SHRIdHVtVWdHbWEyZGZ4UFBQaFFoRjEyZE9Da0VUcmFaSldQN0FTZW9xdHE1ajFOOS9rYlEKTFd5TkpJd1J0NE5TVzVCcTlqQ3orTDNSZXpLallUQmZNQTRHQTFVZER3RUIvd1FFQXdJQ2hEQWRCZ05WSFNVRQpGakFVQmdnckJnRUZCUWNEQVFZSUt3WUJCUVVIQXdJd0R3WURWUjBUQVFIL0JBVXdBd0VCL3pBZEJnTlZIUTRFCkZnUVVIbG9BYVJNYm82NGdYN0dwSFZ1dzlwS3RCUU13Q2dZSUtvWkl6ajBFQXdJRFNBQXdSUUloQU1qYmIrRzMKTzdzaFJTZFlYTzZTSDdkUktkREhrWTJmTUt3NTdheVQrZFg2QWlBd3pFa3ZUaEFUWkFVaFFxbTFpazhTcDJ1cQpkQVZvRTIvWjQ0Q3NPREh3emc9PQotLS0tLUVORCBDRVJUSUZJQ0FURS0tLS0tCg==\"\n    \"key\": \"LS0tLS1CRUdJTiBFQyBQUklWQVRFIEtFWS0tLS0tCk1IY0NBUUVFSU9PbDBmYjBUbjVtc1BocFovclcvN0F1MnBNTmxMZFZ6QTlKbXZ1OEZhQ0hvQW9HQ0NxR1NNNDkKQXdFSG9VUURRZ0FFREFGVWZvZTBlMjZaU0FhWnJaMS9FODgrRkNFWFhaMDRLUVJPdHBrbFkvc0JKNmlxMnJtUApVMzMrUnRBdGJJMGtqQkczZzFKYmtHcjJNTFA0dmRGN01nPT0KLS0tLS1FTkQgRUMgUFJJVkFURSBLRVktLS0tLQo=\"\n  \"k8s_aggregator\":\n    \"cert\": \"LS0tLS1CRUdJTiBDRVJUSUZJQ0FURS0tLS0tCk1JSUJYekNDQVFXZ0F3SUJBZ0lRSjhTVnBReHl4RWl6NEFTdE9BdkdsVEFLQmdncWhrak9QUVFEQWpBQU1CNFgKRFRJMk1ESXlNakU1TlRVeE4xb1hEVE0yTURJeU1ERTVOVFV4TjFvd0FEQlpNQk1HQnlxR1NNNDlBZ0VHQ0NxRwpTTTQ5QXdFSEEwSUFCR2wyQ1BpQno5SlYyOHk5enI4cVA0RXVRR1QwWHh5N0xUSG5VTG1aekZEcGZFb1F5MVJJCll1cHkxUWNFQkxWdGxnd3p0L2NrSUhiQ0dwYmtOVkhwaXUrallUQmZNQTRHQTFVZER3RUIvd1FFQXdJQ2hEQWQKQmdOVkhTVUVGakFVQmdnckJnRUZCUWNEQVFZSUt3WUJCUVVIQXdJd0R3WURWUjBUQVFIL0JBVXdBd0VCL3pBZApCZ05WSFE0RUZnUVVEM0UzSnFtYkJSVXJEcUw0UVNUR2twMVF5NGt3Q2dZSUtvWkl6ajBFQXdJRFNBQXdSUUlnCkJRU29hU0hySG9LbTVvSDc2eDdCR2FsUWJXWEdQMnlCcGNjdy9GYnZxeU1DSVFEZ3hGaFEzbGFVcFRlTEFlbm8KeW9XTFNkZlhPSFNnaW1xWkh1WnBJdTZHNHc9PQotLS0tLUVORCBDRVJUSUZJQ0FURS0tLS0tCg==\"\n    \"key\": \"LS0tLS1CRUdJTiBFQyBQUklWQVRFIEtFWS0tLS0tCk1IY0NBUUVFSU9xcXlWM2dqdGJXN1FaSVRxZmdIM3YyVG02a0I5dFN4Q0ZXYzk4WUFVN2xvQW9HQ0NxR1NNNDkKQXdFSG9VUURRZ0FFYVhZSStJSFAwbFhiekwzT3Z5by9nUzVBWlBSZkhMc3RNZWRRdVpuTVVPbDhTaERMVkVoaQo2bkxWQndRRXRXMldERE8zOXlRZ2RzSWFsdVExVWVtSzd3PT0KLS0tLS1FTkQgRUMgUFJJVkFURSBLRVktLS0tLQo=\"\n  \"k8s_serviceaccount\":\n    \"key\": \"LS0tLS1CRUdJTiBSU0EgUFJJVkFURSBLRVktLS0tLQpNSUlKS0FJQkFBS0NBZ0VBcE0waW9ZNVVDMURxbmlmYmhka2htdndnWHZJY295bHdTdEdUT0RaS2tSMDVKV0gvCmgwTUcySUtSYnllYTVHWCtKeTZHQ2UwNlA0YUVWWEVNZ0kxSTZEZDBGdUkrR05Ua0xvbEZ1MU1nVjFIOC9UWGkKMStMd0EweFNVcXZ2allMS1RQMlhBcndzTW9YNVJEYXlWVk5lb0k4SU1hSkJ2Nk1QanBYZlhTUndIUG9rbjVWOApOUGdhZVlIUUd2cVhRRm8rYktFYm9yRE1GVnJzaUY1UEJOamlLWVdFLys1YmRsYU8zUzVraW0rRDVDMHpLWVp2CmtVVWxWem5XSjBwUlBURTdkL05vQkNNUEh5ZTFvQ25CYXB0Wm40R1U4cFUrSGxIZU0zRkxZYzhpcmdDWmgrTWoKcmxhZmFCNk9JQUQ1L0FtUWNnMm9lQjJGaFlBdFRCU1lFZ2t5aWx1MHVBd05udk8rM05qOUFybEdhM0dHVWl3ago4VnFSRytNNHJSRlNNZ3oxTXdGU0ZUOGRUbGdvblphSGhoOThtMFhLODVlSkV4ZUFQMFlWZVpjdEhwazJoM2Y5CjdZQXJSZExyYllaamNsc1htUWtlT3E0dWlFMS9aOUsvczJkTFpSUWRySkZwNVY5WVlOOHZlQjRXT1B1bFJaS1kKKy9WV29UZWhwZ0tLN1BPZVBuSUlPbUpHYWsra1RtWUVMalhjTVUrbzlraFhVVU9kOVJpKy9Yd2t0L3NQb085bApYbGc2c0V0NEpNcDNzbTA5WStETjM5UEltc09iMGVzaW15Vm9oK2FEOG9MSUpnTGt5aU9JRzJtVEliNTRHNzNNCndFYnJpSDZUei95Y2NMZ0hNMm5PZGl3ODVnRVVCWUlobzdhWWtGeEJQV3RTMElDUDlGd1diUTBudkprQ0F3RUEKQVFLQ0FnQW4vZmJXTlN1TWZuT2M4eWVvdk1jVXJQUHZEbnBvRnQxKzdvbzNGU2Uxdk4xNkJxVERqbjZxQ2s5ZwpKY0NIQmdBdHduSzVGSFl5NWNJVjJPUHppeldpMHBncm1IWUF3U0xwYnhyNnFTSzdSZlJxZnduZ0lWeGt0SC95CnUzSWJ5VjR0M2trbjJ3R3Z0Z2JHS0s3UW1YVm9hYVZQcENRbjdOcFEyK3BUR0UxVG50bEYxN2tIUXFEc0ZSWXIKQWQ0eitlSlZxcWdCN0R6dVByMFJINisxeWFyaWNCb1ZJR0xXSGcyM3UzTWZEQTQ1MEVVdTRjYVB2bk9nRGZNNwo0Q05FUWY4QUxoTnpFNDN2SGN3THhLNUE0RmVZcDFHOXAzMW1UckFwRkNoNm9SRTFvQVFoNzNzZ2FybHV3eUZ5CnYwSHF5V2hoNFJJZHFlNVZ0Z1BvQjBSYTlodnJCeTlwaXRta3F4Wnc1eHJJckxyZEl5cW82RVJyRzBLVnl0VkQKaTE2TG52OFRyVWpGcmIzWk05UHZoTGNqNkFNSTVOWjhGZTdhUEMwdmx0UFJDb2prRXhWZlZEZXFiVXg5MXFuUwp2S1FrODU3cEpLbkl3UXpYR1dFYnV1bEJiNzhNWkVRTk9GQXVxSUlBcHN5OGlNT1lJb1lXaHNRVXYybEdKd05LCjZuYXg3LzRZOE5aYnh3UzBKczlLVUpTdk1UN2d2OUZadEUyK3NtN0J0dTJtaGpUWTVkSUp2NFg1OExZTmxYQmYKOXlDZHdYeDlUMjgwUDhrc0Vic01hSmp6bGRWeFp4WDFCNzlsRTAvZ0VBRSthMElDSGs5TDJXWG1ONjlpaDZFNgpzZ1RhNi9nVHZmMlByNm9ScUVPU1JQYkFzaGZoNE1mcnZiUmJCZ21QeSsxUWFmeElmUUtDQVFFQTFaOCszckJGCnJGT3dXYVRFMFA0UXZqR0RNWnpJYWhsb0NIUFg5WFZwSUhrYk9GU09Wd1RaUGM2NUlHVXZWZHI3OHlFU0krcFIKY1Q5VnNhMllzM2ttd0c1b2p6SEVaQ2Y3ZXNDZUFlVDFXTG5pa0paUVNXNElhL2Mzdkg0TzhFMmZZVDdsak5tZwplUjVoNi9EaUVLNFB0TW04d2JnazRZKytNQnhjellPZU1tRC9Ib0U3TXpGdW9nRm5RNDd4M2pjQVpPbFZla0lVCmZBN3hNUUFxRk5JN0JnV21LcXF0YldlWGlxNnVTQjNVM1gxL0s0YnRYbU5zdjlzQXg0NElLb0pqbFdGU2g1N1UKWXAwb3NNTW1McU1jTDNsM1lTaVlIMEZORXNuUkFLZUdaUUdnZzZRV3RrUTJJeWl4S0hZUWVNaWI3NE5vaXlxUApyUndHM24rQndIZVJKUUtDQVFFQXhYNkpxUUJkZHVjTkdZNnhZc1JQWWtxQVZyYWJmRXcxUkRDdDN1UGxVbW9zCm9md0kyeXRhSEJkbUhYQWpGeGNhUXE5M3JrRDhWSGlKN3A4Nnc3WXVBVWcrc096c1lYT3VLSXJLSWp5bW1XU04KdjZqem42MUtJbGV3dW40YzFqNmFvMzZna3AyYkZ6MGk0S0ZhM2tzY3N3RXJBNVRpRENCa2FrV0dCbC9GL1RZaQpObEdmTkZxZWlySHdlQVJEaE1hUVhURC9ib2w0L3JMNEhJRkVxOWd2eldmVXZ5d1lCc3dHZ3UrQVZBWGw4a0ljCnE0T2hFOEhUMEVnYnpEcW9oM1hKUThYcTJTTlBQWXo1UzNDYmxESVk0TEVIVW5PMEduenh1Ym5LRWVaZmI0Um4KeVdJdWlmYXZrRkFRSEhnK2F1c2RXQ1VVam9NMmR5TFp3cFFxUlFMRlpRS0NBUUVBcEhpWkZTY3VYWUdKczFzeQoxWjNuRWloWTFDZmIvaVJWZnJ5Q04xQVFncG43cFNFay9rYVRaQXozWjhPLzhDQkwvMk1rN2xZSUltTWEvVk9rCnovbWxKbDliVFhTSnVuczJHY3FYWE9vRkpDenFEVnhOc0Z0eFRIN29nTTJsZnNxa3ZXQ0pxQ29lYldKQkRrRkcKTElWM1BrQmNmZUhqTTI5U2hRUXhSMkhndVBVSk4xbFVWUlBvRS85MG5BVkFuMUJGazJ3N0RZZzI4VlVueWd4UQpXZnVLeWhZclc0cFJRSHlUcG9qYlVsYjFmeHFTZ05hL2h2NlJ5aDA1dW1yV1NyUmRLN1Brc05wT3R5WTlIK3NBClNNUDRmV3pOeHhaVUdTeFR4UFZ4WDBtY0pjUmM2ejI0NXRnWnZuUWtBZnowcmFuMnRTKzltL2hHNm9jN21xOGQKSFN4eHFRS0NBUUFqdGErYWVWQnRFWFlTNnZRMEVaN3cvTnViMGtUbkFyaVc3ZDVpY1A2a0drS2J2NEN5Y0hKSQpwZ3AyeERIMEdOOU1zNEdHWm9XNW1Gb0laWTR3bVI1VWFRVzg0L29SM09MZXZjbXl5eGlzbjd2cHJkanZSRndsClBZbmREclNVSUpuQmVrSDZnTGpzU01lbnFrVk44SEx1QXdZT0RidVp5Ym1lWlpmSVMwVDNkZlJWc2dpQlpPbEoKMXNiT1RLY1F1UDZkZXlDVWtoTG9xdCtsOTlHODZNZ3I4ZHhML09NVFI0emQzQVJ1TE9yWkZROHVEQXp5RDVnSApEeUxIbU11a1FxM3pyVE83czJDK2xtRDFQUlZFaEpKdS9sTitteUV6c09mY1Z6V3NhdVZTdXJReGU2bENsUEpGCnU5Uk44WWdIdVIrRE1xRTI2NDdMbCtlY0FVSnJYQWJwQW9JQkFCekJSemRFazhGYnFMTXJXNmlVWmJMMVdNSkMKOEpCcHdtU0dycllIYmQ1MERZUVBnOVdQK09nN3AwZTFocU5ZWllkOTFCUU14VUdYa2FRKzFqQ0NrNGZYaXFyTgo4QnFJczNpcEcvT21DNkdBK2Nxb0FGYmRzQkZnanNtd0ZWQXIrZFF2YXQ3YURvNHpwMjNuQ05uaGF4b2l2VnZECktsczlvbnhIMHFpRzZkc3htVU1lNEUvQXN1K1kvQVFNT1hia0FmQitqVEdnMFhUNkZ2VCtvckgwSXowQU9xcXQKQ1lvVWlYL1cvSUV3cVZDR0Y0VWsrdXpUdGg2cVhrSHBKMzlpbmY2ZmN1T2FuSUVtd1NDTEJEaVpWRmg3NmtDWQpkaXdKTFhkMGdnSm9VM2VMbHRob0dyWWZBWDQzZHoySm5KYk4rcFAyUlhzUHNTdmdUeTV0QzA5N1pwST0KLS0tLS1FTkQgUlNBIFBSSVZBVEUgS0VZLS0tLS0K\"\n  \"os\":\n    \"cert\": \"LS0tLS1CRUdJTiBDRVJUSUZJQ0FURS0tLS0tCk1JSUJQakNCOGFBREFnRUNBaEFSbm5IcXhMb2FPZUpuaVdxOUc1QVBNQVVHQXl0bGNEQVFNUTR3REFZRFZRUUsKRXdWMFlXeHZjekFlRncweU5qQXlNakl4T1RVMU1UZGFGdzB6TmpBeU1qQXhPVFUxTVRkYU1CQXhEakFNQmdOVgpCQW9UQlhSaGJHOXpNQ293QlFZREsyVndBeUVBN1VtVVVWWE1jQ2ZMMWtaN1pGY2hmYWFsWk5EaEdZQ3czZFg0ClV6cmdyZ2lqWVRCZk1BNEdBMVVkRHdFQi93UUVBd0lDaERBZEJnTlZIU1VFRmpBVUJnZ3JCZ0VGQlFjREFRWUkKS3dZQkJRVUhBd0l3RHdZRFZSMFRBUUgvQkFVd0F3RUIvekFkQmdOVkhRNEVGZ1FVM1Z2eTdxQWFZVEltakM0TAorRmN5Z2FPdHZWd3dCUVlESzJWd0EwRUFYOFlFbERQNkRDYTFpNmNLVm1GbGdQanpzcWVXdExpTWZYNk4yRGVwCjBVYWo0NXQ0MytQYWQ5QXA4Y3F3NlExeEVZK2ptQlJCMkxFTUdadTdyZVI1Qnc9PQotLS0tLUVORCBDRVJUSUZJQ0FURS0tLS0tCg==\"\n    \"key\": \"LS0tLS1CRUdJTiBFRDI1NTE5IFBSSVZBVEUgS0VZLS0tLS0KTUM0Q0FRQXdCUVlESzJWd0JDSUVJRU55cGdGVGtlUlB1Y1Y5QytlYnhrZ3F1dUFwS09peFlEUStYazVvMVRXVwotLS0tLUVORCBFRDI1NTE5IFBSSVZBVEUgS0VZLS0tLS0K\"\n\"cluster\":\n  \"id\": \"iRl3i95gl7TcoDeogUJQNYSqrMjuIc8H_IqL4xsvJbI=\"\n  \"secret\": \"g3B4aVdqwzbj4J1vermLnYCydQIU9gsPMTGNAEwrIwQ=\"\n\"secrets\":\n  \"aescbc_encryption_secret\": null\n  \"bootstrap_token\": \"a6rwli.lwoildu6vzu9fr1s\"\n  \"secretbox_encryption_secret\": \"vKcf+hJbUxLZdywBpAIaVC/wcDsg+DGM/ADA9klGOH4=\"\n\"trustdinfo\":\n  \"token\": \"vcvdka.0wyqc22eji58ic0y\"\n",
            "content_base64": null,
            "content_base64sha256": "6Hu65pFbrcgupOghOUhSwh2oCBWtFlnI9dy3b6GQUZY=",
            "content_base64sha512": "7lCgY91XraDxrqJ6fwtvnzZgxEecfBLcYqxgdrw6wGw+pEO1vwFWdrHi5t3bWMmWg0NCqqmwlGGD3jdEOyY8ww==",
            "content_md5": "c6c4bde305aab962834b7f15c969f629",
            "content_sha1": "d4e50693517feed2f29769bfe29a0b47d48c7ae2",
            "content_sha256": "e87bbae6915badc82ea4e821394852c21da80815ad1659c8f5dcb76fa1905196",
            "content_sha512": "ee50a063dd57ada0f1aea27a7f0b6f9f3660c4479c7c12dc62ac6076bc3ac06c3ea443b5bf015676b1e2e6dddb58c996834342aaa9b0946183de37443b263cc3",
            "directory_permission": "0777",
            "file_permission": "0777",
            "filename": "./talos/secrets.yaml",
            "id": "d4e50693517feed2f29769bfe29a0b47d48c7ae2",
            "sensitive_content": null,
            "source": null
          },
          "sensitive_attributes": [
            [
              {
                "type": "get_attr",
                "value": "content"
              }
            ],
            [
              {
                "type": "get_attr",
                "value": "sensitive_content"
              }
            ]
          ],
          "identity_schema_version": 0,
          "dependencies": [
            "talos_machine_secrets.this"
          ]
        }
      ]
    },
    {
      "mode": "managed",
      "type": "proxmox_vm_qemu",
      "name": "control_plane",
      "provider": "provider[\"registry.terraform.io/telmate/proxmox\"]",
      "instances": []
    },
    {
      "mode": "managed",
      "type": "proxmox_vm_qemu",
      "name": "worker",
      "provider": "provider[\"registry.terraform.io/telmate/proxmox\"]",
      "instances": [
        {
          "index_key": "talos-lab-wk-01",
          "schema_version": 0,
          "attributes": {
            "additional_wait": 5,
            "agent": 1,
            "agent_timeout": 90,
            "args": "",
            "automatic_reboot": true,
            "automatic_reboot_severity": "error",
            "balloon": 0,
            "bios": "ovmf",
            "boot": "order=scsi0;ide2",
            "bootdisk": "",
            "ci_wait": null,
            "cicustom": null,
            "cipassword": "",
            "ciupgrade": false,
            "ciuser": "",
            "clone": null,
            "clone_id": null,
            "clone_wait": 10,
            "cores": 0,
            "cpu": [
              {
                "affinity": "",
                "cores": 10,
                "flags": [],
                "limit": 0,
                "numa": false,
                "sockets": 1,
                "type": "host",
                "units": 0,
                "vcores": 0
              }
            ],
            "cpu_type": "",
            "current_node": "pve1",
            "default_ipv4_address": "192.168.88.116",
            "default_ipv6_address": "",
            "define_connection_info": true,
            "desc": null,
            "description": "Talos Worker (talos-lab)",
            "disk": [
              {
                "asyncio": "",
                "backup": true,
                "cache": "",
                "discard": false,
                "disk_file": "",
                "emulatessd": false,
                "format": "",
                "id": 0,
                "iops_r_burst": 0,
                "iops_r_burst_length": 0,
                "iops_r_concurrent": 0,
                "iops_wr_burst": 0,
                "iops_wr_burst_length": 0,
                "iops_wr_concurrent": 0,
                "iothread": false,
                "iso": "local:iso/talos-qemu-agent-metal-amd64.iso",
                "linked_disk_id": 0,
                "mbps_r_burst": 0,
                "mbps_r_concurrent": 0,
                "mbps_wr_burst": 0,
                "mbps_wr_concurrent": 0,
                "passthrough": false,
                "readonly": false,
                "replicate": false,
                "serial": "",
                "size": "",
                "slot": "ide2",
                "storage": "",
                "type": "cdrom",
                "wwn": ""
              },
              {
                "asyncio": "",
                "backup": true,
                "cache": "writethrough",
                "discard": false,
                "disk_file": "",
                "emulatessd": false,
                "format": "raw",
                "id": 1,
                "iops_r_burst": 0,
                "iops_r_burst_length": 0,
                "iops_r_concurrent": 0,
                "iops_wr_burst": 0,
                "iops_wr_burst_length": 0,
                "iops_wr_concurrent": 0,
                "iothread": true,
                "iso": "",
                "linked_disk_id": -1,
                "mbps_r_burst": 0,
                "mbps_r_concurrent": 0,
                "mbps_wr_burst": 0,
                "mbps_wr_concurrent": 0,
                "passthrough": false,
                "readonly": false,
                "replicate": false,
                "serial": "",
                "size": "80G",
                "slot": "scsi0",
                "storage": "local-lvm",
                "type": "disk",
                "wwn": ""
              }
            ],
            "disks": [],
            "efidisk": [
              {
                "efitype": "4m",
                "pre_enrolled_keys": false,
                "storage": "local-lvm"
              }
            ],
            "force_create": false,
            "force_recreate_on_change_of": null,
            "full_clone": true,
            "hagroup": "",
            "hastate": "",
            "hostpci": [],
            "hotplug": "network,disk,usb",
            "id": "pve1/qemu/501",
            "ipconfig0": null,
            "ipconfig1": null,
            "ipconfig10": null,
            "ipconfig11": null,
            "ipconfig12": null,
            "ipconfig13": null,
            "ipconfig14": null,
            "ipconfig15": null,
            "ipconfig2": null,
            "ipconfig3": null,
            "ipconfig4": null,
            "ipconfig5": null,
            "ipconfig6": null,
            "ipconfig7": null,
            "ipconfig8": null,
            "ipconfig9": null,
            "kvm": true,
            "linked_vmid": 0,
            "machine": "q35",
            "memory": 8192,
            "name": "talos-lab-wk-01",
            "nameserver": null,
            "network": [
              {
                "bridge": "vmbr0",
                "firewall": false,
                "id": 0,
                "link_down": false,
                "macaddr": "bc:24:11:15:aa:41",
                "model": "virtio",
                "mtu": 0,
                "queues": 0,
                "rate": 0,
                "tag": 0
              }
            ],
            "numa": false,
            "onboot": null,
            "os_network_config": null,
            "os_type": null,
            "pci": [],
            "pcis": [],
            "pool": "",
            "protection": false,
            "pxe": null,
            "qemu_os": "other",
            "reboot_required": false,
            "rng": [
              {
                "limit": 1024,
                "period": 0,
                "source": "/dev/urandom"
              }
            ],
            "scsihw": "virtio-scsi-pci",
            "searchdomain": null,
            "serial": [],
            "skip_ipv4": false,
            "skip_ipv6": true,
            "smbios": [
              {
                "family": "",
                "manufacturer": "",
                "product": "",
                "serial": "",
                "sku": "",
                "uuid": "1fe878ca-0ad5-4b13-bb02-8d752a8c3c80",
                "version": ""
              }
            ],
            "sockets": 0,
            "ssh_forward_ip": null,
            "ssh_host": "192.168.88.116",
            "ssh_port": "22",
            "ssh_private_key": null,
            "ssh_user": null,
            "sshkeys": null,
            "start_at_node_boot": false,
            "startup": null,
            "startup_shutdown": [
              {
                "order": -1,
                "shutdown_timeout": -1,
                "startup_delay": -1
              }
            ],
            "tablet": true,
            "tags": "",
            "target_node": "pve1",
            "target_nodes": null,
            "timeouts": null,
            "tpm_state": [],
            "unused_disk": [],
            "usb": [],
            "usbs": [],
            "vcpus": 0,
            "vga": [],
            "vm_state": "running",
            "vmid": 501
          },
          "sensitive_attributes": [
            [
              {
                "type": "get_attr",
                "value": "cipassword"
              }
            ],
            [
              {
                "type": "get_attr",
                "value": "ssh_private_key"
              }
            ]
          ],
          "identity_schema_version": 0,
          "private": "eyJlMmJmYjczMC1lY2FhLTExZTYtOGY4OC0zNDM2M2JjN2M0YzAiOnsiY3JlYXRlIjoxMjAwMDAwMDAwMDAwLCJkZWZhdWx0IjoxMjAwMDAwMDAwMDAwLCJkZWxldGUiOjEyMDAwMDAwMDAwMDAsInJlYWQiOjEyMDAwMDAwMDAwMDAsInVwZGF0ZSI6MTIwMDAwMDAwMDAwMH19",
          "dependencies": [
            "terraform_data.capacity_assertions"
          ]
        },
        {
          "index_key": "talos-lab-wk-02",
          "schema_version": 0,
          "attributes": {
            "additional_wait": 5,
            "agent": 1,
            "agent_timeout": 90,
            "args": "",
            "automatic_reboot": true,
            "automatic_reboot_severity": "error",
            "balloon": 0,
            "bios": "ovmf",
            "boot": "order=scsi0;ide2",
            "bootdisk": "",
            "ci_wait": null,
            "cicustom": null,
            "cipassword": "",
            "ciupgrade": false,
            "ciuser": "",
            "clone": null,
            "clone_id": null,
            "clone_wait": 10,
            "cores": 0,
            "cpu": [
              {
                "affinity": "",
                "cores": 10,
                "flags": [],
                "limit": 0,
                "numa": false,
                "sockets": 1,
                "type": "host",
                "units": 0,
                "vcores": 0
              }
            ],
            "cpu_type": "",
            "current_node": "pve2",
            "default_ipv4_address": "192.168.88.115",
            "default_ipv6_address": "",
            "define_connection_info": true,
            "desc": null,
            "description": "Talos Worker (talos-lab)",
            "disk": [
              {
                "asyncio": "",
                "backup": true,
                "cache": "",
                "discard": false,
                "disk_file": "",
                "emulatessd": false,
                "format": "",
                "id": 0,
                "iops_r_burst": 0,
                "iops_r_burst_length": 0,
                "iops_r_concurrent": 0,
                "iops_wr_burst": 0,
                "iops_wr_burst_length": 0,
                "iops_wr_concurrent": 0,
                "iothread": false,
                "iso": "local:iso/talos-qemu-agent-metal-amd64.iso",
                "linked_disk_id": 0,
                "mbps_r_burst": 0,
                "mbps_r_concurrent": 0,
                "mbps_wr_burst": 0,
                "mbps_wr_concurrent": 0,
                "passthrough": false,
                "readonly": false,
                "replicate": false,
                "serial": "",
                "size": "",
                "slot": "ide2",
                "storage": "",
                "type": "cdrom",
                "wwn": ""
              },
              {
                "asyncio": "",
                "backup": true,
                "cache": "writethrough",
                "discard": false,
                "disk_file": "",
                "emulatessd": false,
                "format": "raw",
                "id": 1,
                "iops_r_burst": 0,
                "iops_r_burst_length": 0,
                "iops_r_concurrent": 0,
                "iops_wr_burst": 0,
                "iops_wr_burst_length": 0,
                "iops_wr_concurrent": 0,
                "iothread": true,
                "iso": "",
                "linked_disk_id": -1,
                "mbps_r_burst": 0,
                "mbps_r_concurrent": 0,
                "mbps_wr_burst": 0,
                "mbps_wr_concurrent": 0,
                "passthrough": false,
                "readonly": false,
                "replicate": false,
                "serial": "",
                "size": "80G",
                "slot": "scsi0",
                "storage": "local-lvm",
                "type": "disk",
                "wwn": ""
              }
            ],
            "disks": [],
            "efidisk": [
              {
                "efitype": "4m",
                "pre_enrolled_keys": false,
                "storage": "local-lvm"
              }
            ],
            "force_create": false,
            "force_recreate_on_change_of": null,
            "full_clone": true,
            "hagroup": "",
            "hastate": "",
            "hostpci": [],
            "hotplug": "network,disk,usb",
            "id": "pve2/qemu/502",
            "ipconfig0": null,
            "ipconfig1": null,
            "ipconfig10": null,
            "ipconfig11": null,
            "ipconfig12": null,
            "ipconfig13": null,
            "ipconfig14": null,
            "ipconfig15": null,
            "ipconfig2": null,
            "ipconfig3": null,
            "ipconfig4": null,
            "ipconfig5": null,
            "ipconfig6": null,
            "ipconfig7": null,
            "ipconfig8": null,
            "ipconfig9": null,
            "kvm": true,
            "linked_vmid": 0,
            "machine": "q35",
            "memory": 8192,
            "name": "talos-lab-wk-02",
            "nameserver": null,
            "network": [
              {
                "bridge": "vmbr0",
                "firewall": false,
                "id": 0,
                "link_down": false,
                "macaddr": "bc:24:11:5d:54:26",
                "model": "virtio",
                "mtu": 0,
                "queues": 0,
                "rate": 0,
                "tag": 0
              }
            ],
            "numa": false,
            "onboot": null,
            "os_network_config": null,
            "os_type": null,
            "pci": [],
            "pcis": [],
            "pool": "",
            "protection": false,
            "pxe": null,
            "qemu_os": "other",
            "reboot_required": false,
            "rng": [
              {
                "limit": 1024,
                "period": 0,
                "source": "/dev/urandom"
              }
            ],
            "scsihw": "virtio-scsi-pci",
            "searchdomain": null,
            "serial": [],
            "skip_ipv4": false,
            "skip_ipv6": true,
            "smbios": [
              {
                "family": "",
                "manufacturer": "",
                "product": "",
                "serial": "",
                "sku": "",
                "uuid": "c10f562e-3050-41c2-a5f2-b84d8c515512",
                "version": ""
              }
            ],
            "sockets": 0,
            "ssh_forward_ip": null,
            "ssh_host": "192.168.88.115",
            "ssh_port": "22",
            "ssh_private_key": null,
            "ssh_user": null,
            "sshkeys": null,
            "start_at_node_boot": false,
            "startup": null,
            "startup_shutdown": [
              {
                "order": -1,
                "shutdown_timeout": -1,
                "startup_delay": -1
              }
            ],
            "tablet": true,
            "tags": "",
            "target_node": "pve2",
            "target_nodes": null,
            "timeouts": null,
            "tpm_state": [],
            "unused_disk": [],
            "usb": [],
            "usbs": [],
            "vcpus": 0,
            "vga": [],
            "vm_state": "running",
            "vmid": 502
          },
          "sensitive_attributes": [
            [
              {
                "type": "get_attr",
                "value": "cipassword"
              }
            ],
            [
              {
                "type": "get_attr",
                "value": "ssh_private_key"
              }
            ]
          ],
          "identity_schema_version": 0,
          "private": "eyJlMmJmYjczMC1lY2FhLTExZTYtOGY4OC0zNDM2M2JjN2M0YzAiOnsiY3JlYXRlIjoxMjAwMDAwMDAwMDAwLCJkZWZhdWx0IjoxMjAwMDAwMDAwMDAwLCJkZWxldGUiOjEyMDAwMDAwMDAwMDAsInJlYWQiOjEyMDAwMDAwMDAwMDAsInVwZGF0ZSI6MTIwMDAwMDAwMDAwMH19",
          "dependencies": [
            "terraform_data.capacity_assertions"
          ]
        }
      ]
    },
    {
      "mode": "managed",
      "type": "talos_machine_secrets",
      "name": "this",
      "provider": "provider[\"registry.terraform.io/siderolabs/talos\"]",
      "instances": [
        {
          "schema_version": 1,
          "attributes": {
            "client_configuration": {
              "ca_certificate": "LS0tLS1CRUdJTiBDRVJUSUZJQ0FURS0tLS0tCk1JSUJQakNCOGFBREFnRUNBaEFSbm5IcXhMb2FPZUpuaVdxOUc1QVBNQVVHQXl0bGNEQVFNUTR3REFZRFZRUUsKRXdWMFlXeHZjekFlRncweU5qQXlNakl4T1RVMU1UZGFGdzB6TmpBeU1qQXhPVFUxTVRkYU1CQXhEakFNQmdOVgpCQW9UQlhSaGJHOXpNQ293QlFZREsyVndBeUVBN1VtVVVWWE1jQ2ZMMWtaN1pGY2hmYWFsWk5EaEdZQ3czZFg0ClV6cmdyZ2lqWVRCZk1BNEdBMVVkRHdFQi93UUVBd0lDaERBZEJnTlZIU1VFRmpBVUJnZ3JCZ0VGQlFjREFRWUkKS3dZQkJRVUhBd0l3RHdZRFZSMFRBUUgvQkFVd0F3RUIvekFkQmdOVkhRNEVGZ1FVM1Z2eTdxQWFZVEltakM0TAorRmN5Z2FPdHZWd3dCUVlESzJWd0EwRUFYOFlFbERQNkRDYTFpNmNLVm1GbGdQanpzcWVXdExpTWZYNk4yRGVwCjBVYWo0NXQ0MytQYWQ5QXA4Y3F3NlExeEVZK2ptQlJCMkxFTUdadTdyZVI1Qnc9PQotLS0tLUVORCBDRVJUSUZJQ0FURS0tLS0tCg==",
              "client_certificate": "LS0tLS1CRUdJTiBDRVJUSUZJQ0FURS0tLS0tCk1JSUJLRENCMjZBREFnRUNBaEFaOWlTTjVaV3ZXVS9ObmFXbTAyVG1NQVVHQXl0bGNEQVFNUTR3REFZRFZRUUsKRXdWMFlXeHZjekFlRncweU5qQXlNakl4T1RVMU1UZGFGdzB5TnpBeU1qSXhPVFUxTVRkYU1CTXhFVEFQQmdOVgpCQW9UQ0c5ek9tRmtiV2x1TUNvd0JRWURLMlZ3QXlFQXhwWXVjNldDckZ0U2xsTzZSTDFmVDZUWjdJamR4VEtICm82Qm5tTndjVXBHalNEQkdNQTRHQTFVZER3RUIvd1FFQXdJSGdEQVRCZ05WSFNVRUREQUtCZ2dyQmdFRkJRY0QKQWpBZkJnTlZIU01FR0RBV2dCVGRXL0x1b0JwaE1pYU1MZ3Y0VnpLQm82MjlYREFGQmdNclpYQURRUUJjN1NrUwpHVm1SNjdMUXljM2JETGxjSWpqQ0RRb2VRQ29IaTViOHRDWmZxaDFaTmRhMkZqS0JFV3RkL1BwckQzYUp3S053CmlKQnZ1YzdXVkdGV3Q1Y0UKLS0tLS1FTkQgQ0VSVElGSUNBVEUtLS0tLQo=",
              "client_key": "LS0tLS1CRUdJTiBFRDI1NTE5IFBSSVZBVEUgS0VZLS0tLS0KTUM0Q0FRQXdCUVlESzJWd0JDSUVJRnZ5bmszTDgxV3R4KzczMjJCM0YzcWREZjlmd3p5ZHNzY3pjOFZDbGVQQQotLS0tLUVORCBFRDI1NTE5IFBSSVZBVEUgS0VZLS0tLS0K"
            },
            "id": "machine_secrets",
            "machine_secrets": {
              "certs": {
                "etcd": {
                  "cert": "LS0tLS1CRUdJTiBDRVJUSUZJQ0FURS0tLS0tCk1JSUJmVENDQVNPZ0F3SUJBZ0lRTDMwZkxibkZmQUQvNUtZZDJsTEFVVEFLQmdncWhrak9QUVFEQWpBUE1RMHcKQ3dZRFZRUUtFd1JsZEdOa01CNFhEVEkyTURJeU1qRTVOVFV4TjFvWERUTTJNREl5TURFNU5UVXhOMW93RHpFTgpNQXNHQTFVRUNoTUVaWFJqWkRCWk1CTUdCeXFHU000OUFnRUdDQ3FHU000OUF3RUhBMElBQlBrUVZIM3AyRkRYCmNYVlE2SHlndlRGWTZMR1F1dVlqL2NrMkRZeUdsMHB2M3NtRmhkUjkxa0U3c3BmRXo0d2VzWlJPNjk1UWgyWXgKWFdxQlMxUWQ0UEdqWVRCZk1BNEdBMVVkRHdFQi93UUVBd0lDaERBZEJnTlZIU1VFRmpBVUJnZ3JCZ0VGQlFjRApBUVlJS3dZQkJRVUhBd0l3RHdZRFZSMFRBUUgvQkFVd0F3RUIvekFkQmdOVkhRNEVGZ1FVZnlLdFFLdEJqRzJ1ClhQNkJxeGVOUUlka2RwUXdDZ1lJS29aSXpqMEVBd0lEU0FBd1JRSWdaMU5uN0ViMzBLaE9XbEF3T1dmNmpEZFEKeDNEd2dJOWp3QjdJN2pwcEdqZ0NJUURkQ25kem1PeFl5OFVZdWxnaVpEUWtvc3R5Y2h3aVdJbzN0OXI2RzkwQgp2Zz09Ci0tLS0tRU5EIENFUlRJRklDQVRFLS0tLS0K",
                  "key": "LS0tLS1CRUdJTiBFQyBQUklWQVRFIEtFWS0tLS0tCk1IY0NBUUVFSUJUTndYcWQrMEg4eDZLS3NQYlVpODJoRVI3UXJYVzlHZWw2bVFzZ1hHakZvQW9HQ0NxR1NNNDkKQXdFSG9VUURRZ0FFK1JCVWZlbllVTmR4ZFZEb2ZLQzlNVmpvc1pDNjVpUDl5VFlOaklhWFNtL2V5WVdGMUgzVwpRVHV5bDhUUGpCNnhsRTdyM2xDSFpqRmRhb0ZMVkIzZzhRPT0KLS0tLS1FTkQgRUMgUFJJVkFURSBLRVktLS0tLQo="
                },
                "k8s": {
                  "cert": "LS0tLS1CRUdJTiBDRVJUSUZJQ0FURS0tLS0tCk1JSUJpVENDQVMrZ0F3SUJBZ0lRYkZSc0dLam04TTM1K0tCR2ZyWGNYakFLQmdncWhrak9QUVFEQWpBVk1STXcKRVFZRFZRUUtFd3ByZFdKbGNtNWxkR1Z6TUI0WERUSTJNREl5TWpFNU5UVXhOMW9YRFRNMk1ESXlNREU1TlRVeApOMW93RlRFVE1CRUdBMVVFQ2hNS2EzVmlaWEp1WlhSbGN6QlpNQk1HQnlxR1NNNDlBZ0VHQ0NxR1NNNDlBd0VICkEwSUFCQXdCVkg2SHRIdHVtVWdHbWEyZGZ4UFBQaFFoRjEyZE9Da0VUcmFaSldQN0FTZW9xdHE1ajFOOS9rYlEKTFd5TkpJd1J0NE5TVzVCcTlqQ3orTDNSZXpLallUQmZNQTRHQTFVZER3RUIvd1FFQXdJQ2hEQWRCZ05WSFNVRQpGakFVQmdnckJnRUZCUWNEQVFZSUt3WUJCUVVIQXdJd0R3WURWUjBUQVFIL0JBVXdBd0VCL3pBZEJnTlZIUTRFCkZnUVVIbG9BYVJNYm82NGdYN0dwSFZ1dzlwS3RCUU13Q2dZSUtvWkl6ajBFQXdJRFNBQXdSUUloQU1qYmIrRzMKTzdzaFJTZFlYTzZTSDdkUktkREhrWTJmTUt3NTdheVQrZFg2QWlBd3pFa3ZUaEFUWkFVaFFxbTFpazhTcDJ1cQpkQVZvRTIvWjQ0Q3NPREh3emc9PQotLS0tLUVORCBDRVJUSUZJQ0FURS0tLS0tCg==",
                  "key": "LS0tLS1CRUdJTiBFQyBQUklWQVRFIEtFWS0tLS0tCk1IY0NBUUVFSU9PbDBmYjBUbjVtc1BocFovclcvN0F1MnBNTmxMZFZ6QTlKbXZ1OEZhQ0hvQW9HQ0NxR1NNNDkKQXdFSG9VUURRZ0FFREFGVWZvZTBlMjZaU0FhWnJaMS9FODgrRkNFWFhaMDRLUVJPdHBrbFkvc0JKNmlxMnJtUApVMzMrUnRBdGJJMGtqQkczZzFKYmtHcjJNTFA0dmRGN01nPT0KLS0tLS1FTkQgRUMgUFJJVkFURSBLRVktLS0tLQo="
                },
                "k8s_aggregator": {
                  "cert": "LS0tLS1CRUdJTiBDRVJUSUZJQ0FURS0tLS0tCk1JSUJYekNDQVFXZ0F3SUJBZ0lRSjhTVnBReHl4RWl6NEFTdE9BdkdsVEFLQmdncWhrak9QUVFEQWpBQU1CNFgKRFRJMk1ESXlNakU1TlRVeE4xb1hEVE0yTURJeU1ERTVOVFV4TjFvd0FEQlpNQk1HQnlxR1NNNDlBZ0VHQ0NxRwpTTTQ5QXdFSEEwSUFCR2wyQ1BpQno5SlYyOHk5enI4cVA0RXVRR1QwWHh5N0xUSG5VTG1aekZEcGZFb1F5MVJJCll1cHkxUWNFQkxWdGxnd3p0L2NrSUhiQ0dwYmtOVkhwaXUrallUQmZNQTRHQTFVZER3RUIvd1FFQXdJQ2hEQWQKQmdOVkhTVUVGakFVQmdnckJnRUZCUWNEQVFZSUt3WUJCUVVIQXdJd0R3WURWUjBUQVFIL0JBVXdBd0VCL3pBZApCZ05WSFE0RUZnUVVEM0UzSnFtYkJSVXJEcUw0UVNUR2twMVF5NGt3Q2dZSUtvWkl6ajBFQXdJRFNBQXdSUUlnCkJRU29hU0hySG9LbTVvSDc2eDdCR2FsUWJXWEdQMnlCcGNjdy9GYnZxeU1DSVFEZ3hGaFEzbGFVcFRlTEFlbm8KeW9XTFNkZlhPSFNnaW1xWkh1WnBJdTZHNHc9PQotLS0tLUVORCBDRVJUSUZJQ0FURS0tLS0tCg==",
                  "key": "LS0tLS1CRUdJTiBFQyBQUklWQVRFIEtFWS0tLS0tCk1IY0NBUUVFSU9xcXlWM2dqdGJXN1FaSVRxZmdIM3YyVG02a0I5dFN4Q0ZXYzk4WUFVN2xvQW9HQ0NxR1NNNDkKQXdFSG9VUURRZ0FFYVhZSStJSFAwbFhiekwzT3Z5by9nUzVBWlBSZkhMc3RNZWRRdVpuTVVPbDhTaERMVkVoaQo2bkxWQndRRXRXMldERE8zOXlRZ2RzSWFsdVExVWVtSzd3PT0KLS0tLS1FTkQgRUMgUFJJVkFURSBLRVktLS0tLQo="
                },
                "k8s_serviceaccount": {
                  "key": "LS0tLS1CRUdJTiBSU0EgUFJJVkFURSBLRVktLS0tLQpNSUlKS0FJQkFBS0NBZ0VBcE0waW9ZNVVDMURxbmlmYmhka2htdndnWHZJY295bHdTdEdUT0RaS2tSMDVKV0gvCmgwTUcySUtSYnllYTVHWCtKeTZHQ2UwNlA0YUVWWEVNZ0kxSTZEZDBGdUkrR05Ua0xvbEZ1MU1nVjFIOC9UWGkKMStMd0EweFNVcXZ2allMS1RQMlhBcndzTW9YNVJEYXlWVk5lb0k4SU1hSkJ2Nk1QanBYZlhTUndIUG9rbjVWOApOUGdhZVlIUUd2cVhRRm8rYktFYm9yRE1GVnJzaUY1UEJOamlLWVdFLys1YmRsYU8zUzVraW0rRDVDMHpLWVp2CmtVVWxWem5XSjBwUlBURTdkL05vQkNNUEh5ZTFvQ25CYXB0Wm40R1U4cFUrSGxIZU0zRkxZYzhpcmdDWmgrTWoKcmxhZmFCNk9JQUQ1L0FtUWNnMm9lQjJGaFlBdFRCU1lFZ2t5aWx1MHVBd05udk8rM05qOUFybEdhM0dHVWl3ago4VnFSRytNNHJSRlNNZ3oxTXdGU0ZUOGRUbGdvblphSGhoOThtMFhLODVlSkV4ZUFQMFlWZVpjdEhwazJoM2Y5CjdZQXJSZExyYllaamNsc1htUWtlT3E0dWlFMS9aOUsvczJkTFpSUWRySkZwNVY5WVlOOHZlQjRXT1B1bFJaS1kKKy9WV29UZWhwZ0tLN1BPZVBuSUlPbUpHYWsra1RtWUVMalhjTVUrbzlraFhVVU9kOVJpKy9Yd2t0L3NQb085bApYbGc2c0V0NEpNcDNzbTA5WStETjM5UEltc09iMGVzaW15Vm9oK2FEOG9MSUpnTGt5aU9JRzJtVEliNTRHNzNNCndFYnJpSDZUei95Y2NMZ0hNMm5PZGl3ODVnRVVCWUlobzdhWWtGeEJQV3RTMElDUDlGd1diUTBudkprQ0F3RUEKQVFLQ0FnQW4vZmJXTlN1TWZuT2M4eWVvdk1jVXJQUHZEbnBvRnQxKzdvbzNGU2Uxdk4xNkJxVERqbjZxQ2s5ZwpKY0NIQmdBdHduSzVGSFl5NWNJVjJPUHppeldpMHBncm1IWUF3U0xwYnhyNnFTSzdSZlJxZnduZ0lWeGt0SC95CnUzSWJ5VjR0M2trbjJ3R3Z0Z2JHS0s3UW1YVm9hYVZQcENRbjdOcFEyK3BUR0UxVG50bEYxN2tIUXFEc0ZSWXIKQWQ0eitlSlZxcWdCN0R6dVByMFJINisxeWFyaWNCb1ZJR0xXSGcyM3UzTWZEQTQ1MEVVdTRjYVB2bk9nRGZNNwo0Q05FUWY4QUxoTnpFNDN2SGN3THhLNUE0RmVZcDFHOXAzMW1UckFwRkNoNm9SRTFvQVFoNzNzZ2FybHV3eUZ5CnYwSHF5V2hoNFJJZHFlNVZ0Z1BvQjBSYTlodnJCeTlwaXRta3F4Wnc1eHJJckxyZEl5cW82RVJyRzBLVnl0VkQKaTE2TG52OFRyVWpGcmIzWk05UHZoTGNqNkFNSTVOWjhGZTdhUEMwdmx0UFJDb2prRXhWZlZEZXFiVXg5MXFuUwp2S1FrODU3cEpLbkl3UXpYR1dFYnV1bEJiNzhNWkVRTk9GQXVxSUlBcHN5OGlNT1lJb1lXaHNRVXYybEdKd05LCjZuYXg3LzRZOE5aYnh3UzBKczlLVUpTdk1UN2d2OUZadEUyK3NtN0J0dTJtaGpUWTVkSUp2NFg1OExZTmxYQmYKOXlDZHdYeDlUMjgwUDhrc0Vic01hSmp6bGRWeFp4WDFCNzlsRTAvZ0VBRSthMElDSGs5TDJXWG1ONjlpaDZFNgpzZ1RhNi9nVHZmMlByNm9ScUVPU1JQYkFzaGZoNE1mcnZiUmJCZ21QeSsxUWFmeElmUUtDQVFFQTFaOCszckJGCnJGT3dXYVRFMFA0UXZqR0RNWnpJYWhsb0NIUFg5WFZwSUhrYk9GU09Wd1RaUGM2NUlHVXZWZHI3OHlFU0krcFIKY1Q5VnNhMllzM2ttd0c1b2p6SEVaQ2Y3ZXNDZUFlVDFXTG5pa0paUVNXNElhL2Mzdkg0TzhFMmZZVDdsak5tZwplUjVoNi9EaUVLNFB0TW04d2JnazRZKytNQnhjellPZU1tRC9Ib0U3TXpGdW9nRm5RNDd4M2pjQVpPbFZla0lVCmZBN3hNUUFxRk5JN0JnV21LcXF0YldlWGlxNnVTQjNVM1gxL0s0YnRYbU5zdjlzQXg0NElLb0pqbFdGU2g1N1UKWXAwb3NNTW1McU1jTDNsM1lTaVlIMEZORXNuUkFLZUdaUUdnZzZRV3RrUTJJeWl4S0hZUWVNaWI3NE5vaXlxUApyUndHM24rQndIZVJKUUtDQVFFQXhYNkpxUUJkZHVjTkdZNnhZc1JQWWtxQVZyYWJmRXcxUkRDdDN1UGxVbW9zCm9md0kyeXRhSEJkbUhYQWpGeGNhUXE5M3JrRDhWSGlKN3A4Nnc3WXVBVWcrc096c1lYT3VLSXJLSWp5bW1XU04KdjZqem42MUtJbGV3dW40YzFqNmFvMzZna3AyYkZ6MGk0S0ZhM2tzY3N3RXJBNVRpRENCa2FrV0dCbC9GL1RZaQpObEdmTkZxZWlySHdlQVJEaE1hUVhURC9ib2w0L3JMNEhJRkVxOWd2eldmVXZ5d1lCc3dHZ3UrQVZBWGw4a0ljCnE0T2hFOEhUMEVnYnpEcW9oM1hKUThYcTJTTlBQWXo1UzNDYmxESVk0TEVIVW5PMEduenh1Ym5LRWVaZmI0Um4KeVdJdWlmYXZrRkFRSEhnK2F1c2RXQ1VVam9NMmR5TFp3cFFxUlFMRlpRS0NBUUVBcEhpWkZTY3VYWUdKczFzeQoxWjNuRWloWTFDZmIvaVJWZnJ5Q04xQVFncG43cFNFay9rYVRaQXozWjhPLzhDQkwvMk1rN2xZSUltTWEvVk9rCnovbWxKbDliVFhTSnVuczJHY3FYWE9vRkpDenFEVnhOc0Z0eFRIN29nTTJsZnNxa3ZXQ0pxQ29lYldKQkRrRkcKTElWM1BrQmNmZUhqTTI5U2hRUXhSMkhndVBVSk4xbFVWUlBvRS85MG5BVkFuMUJGazJ3N0RZZzI4VlVueWd4UQpXZnVLeWhZclc0cFJRSHlUcG9qYlVsYjFmeHFTZ05hL2h2NlJ5aDA1dW1yV1NyUmRLN1Brc05wT3R5WTlIK3NBClNNUDRmV3pOeHhaVUdTeFR4UFZ4WDBtY0pjUmM2ejI0NXRnWnZuUWtBZnowcmFuMnRTKzltL2hHNm9jN21xOGQKSFN4eHFRS0NBUUFqdGErYWVWQnRFWFlTNnZRMEVaN3cvTnViMGtUbkFyaVc3ZDVpY1A2a0drS2J2NEN5Y0hKSQpwZ3AyeERIMEdOOU1zNEdHWm9XNW1Gb0laWTR3bVI1VWFRVzg0L29SM09MZXZjbXl5eGlzbjd2cHJkanZSRndsClBZbmREclNVSUpuQmVrSDZnTGpzU01lbnFrVk44SEx1QXdZT0RidVp5Ym1lWlpmSVMwVDNkZlJWc2dpQlpPbEoKMXNiT1RLY1F1UDZkZXlDVWtoTG9xdCtsOTlHODZNZ3I4ZHhML09NVFI0emQzQVJ1TE9yWkZROHVEQXp5RDVnSApEeUxIbU11a1FxM3pyVE83czJDK2xtRDFQUlZFaEpKdS9sTitteUV6c09mY1Z6V3NhdVZTdXJReGU2bENsUEpGCnU5Uk44WWdIdVIrRE1xRTI2NDdMbCtlY0FVSnJYQWJwQW9JQkFCekJSemRFazhGYnFMTXJXNmlVWmJMMVdNSkMKOEpCcHdtU0dycllIYmQ1MERZUVBnOVdQK09nN3AwZTFocU5ZWllkOTFCUU14VUdYa2FRKzFqQ0NrNGZYaXFyTgo4QnFJczNpcEcvT21DNkdBK2Nxb0FGYmRzQkZnanNtd0ZWQXIrZFF2YXQ3YURvNHpwMjNuQ05uaGF4b2l2VnZECktsczlvbnhIMHFpRzZkc3htVU1lNEUvQXN1K1kvQVFNT1hia0FmQitqVEdnMFhUNkZ2VCtvckgwSXowQU9xcXQKQ1lvVWlYL1cvSUV3cVZDR0Y0VWsrdXpUdGg2cVhrSHBKMzlpbmY2ZmN1T2FuSUVtd1NDTEJEaVpWRmg3NmtDWQpkaXdKTFhkMGdnSm9VM2VMbHRob0dyWWZBWDQzZHoySm5KYk4rcFAyUlhzUHNTdmdUeTV0QzA5N1pwST0KLS0tLS1FTkQgUlNBIFBSSVZBVEUgS0VZLS0tLS0K"
                },
                "os": {
                  "cert": "LS0tLS1CRUdJTiBDRVJUSUZJQ0FURS0tLS0tCk1JSUJQakNCOGFBREFnRUNBaEFSbm5IcXhMb2FPZUpuaVdxOUc1QVBNQVVHQXl0bGNEQVFNUTR3REFZRFZRUUsKRXdWMFlXeHZjekFlRncweU5qQXlNakl4T1RVMU1UZGFGdzB6TmpBeU1qQXhPVFUxTVRkYU1CQXhEakFNQmdOVgpCQW9UQlhSaGJHOXpNQ293QlFZREsyVndBeUVBN1VtVVVWWE1jQ2ZMMWtaN1pGY2hmYWFsWk5EaEdZQ3czZFg0ClV6cmdyZ2lqWVRCZk1BNEdBMVVkRHdFQi93UUVBd0lDaERBZEJnTlZIU1VFRmpBVUJnZ3JCZ0VGQlFjREFRWUkKS3dZQkJRVUhBd0l3RHdZRFZSMFRBUUgvQkFVd0F3RUIvekFkQmdOVkhRNEVGZ1FVM1Z2eTdxQWFZVEltakM0TAorRmN5Z2FPdHZWd3dCUVlESzJWd0EwRUFYOFlFbERQNkRDYTFpNmNLVm1GbGdQanpzcWVXdExpTWZYNk4yRGVwCjBVYWo0NXQ0MytQYWQ5QXA4Y3F3NlExeEVZK2ptQlJCMkxFTUdadTdyZVI1Qnc9PQotLS0tLUVORCBDRVJUSUZJQ0FURS0tLS0tCg==",
                  "key": "LS0tLS1CRUdJTiBFRDI1NTE5IFBSSVZBVEUgS0VZLS0tLS0KTUM0Q0FRQXdCUVlESzJWd0JDSUVJRU55cGdGVGtlUlB1Y1Y5QytlYnhrZ3F1dUFwS09peFlEUStYazVvMVRXVwotLS0tLUVORCBFRDI1NTE5IFBSSVZBVEUgS0VZLS0tLS0K"
                }
              },
              "cluster": {
                "id": "iRl3i95gl7TcoDeogUJQNYSqrMjuIc8H_IqL4xsvJbI=",
                "secret": "g3B4aVdqwzbj4J1vermLnYCydQIU9gsPMTGNAEwrIwQ="
              },
              "secrets": {
                "aescbc_encryption_secret": null,
                "bootstrap_token": "a6rwli.lwoildu6vzu9fr1s",
                "secretbox_encryption_secret": "vKcf+hJbUxLZdywBpAIaVC/wcDsg+DGM/ADA9klGOH4="
              },
              "trustdinfo": {
                "token": "vcvdka.0wyqc22eji58ic0y"
              }
            },
            "talos_version": "v1.12"
          },
          "sensitive_attributes": [
            [
              {
                "type": "get_attr",
                "value": "client_configuration"
              },
              {
                "type": "get_attr",
                "value": "client_key"
              }
            ],
            [
              {
                "type": "get_attr",
                "value": "machine_secrets"
              },
              {
                "type": "get_attr",
                "value": "certs"
              },
              {
                "type": "get_attr",
                "value": "etcd"
              },
              {
                "type": "get_attr",
                "value": "key"
              }
            ],
            [
              {
                "type": "get_attr",
                "value": "machine_secrets"
              },
              {
                "type": "get_attr",
                "value": "certs"
              },
              {
                "type": "get_attr",
                "value": "k8s"
              },
              {
                "type": "get_attr",
                "value": "key"
              }
            ],
            [
              {
                "type": "get_attr",
                "value": "machine_secrets"
              },
              {
                "type": "get_attr",
                "value": "certs"
              },
              {
                "type": "get_attr",
                "value": "k8s_aggregator"
              },
              {
                "type": "get_attr",
                "value": "key"
              }
            ],
            [
              {
                "type": "get_attr",
                "value": "machine_secrets"
              },
              {
                "type": "get_attr",
                "value": "certs"
              },
              {
                "type": "get_attr",
                "value": "k8s_serviceaccount"
              },
              {
                "type": "get_attr",
                "value": "key"
              }
            ],
            [
              {
                "type": "get_attr",
                "value": "machine_secrets"
              },
              {
                "type": "get_attr",
                "value": "certs"
              },
              {
                "type": "get_attr",
                "value": "os"
              },
              {
                "type": "get_attr",
                "value": "key"
              }
            ],
            [
              {
                "type": "get_attr",
                "value": "machine_secrets"
              },
              {
                "type": "get_attr",
                "value": "cluster"
              },
              {
                "type": "get_attr",
                "value": "secret"
              }
            ],
            [
              {
                "type": "get_attr",
                "value": "machine_secrets"
              },
              {
                "type": "get_attr",
                "value": "secrets"
              },
              {
                "type": "get_attr",
                "value": "aescbc_encryption_secret"
              }
            ],
            [
              {
                "type": "get_attr",
                "value": "machine_secrets"
              },
              {
                "type": "get_attr",
                "value": "secrets"
              },
              {
                "type": "get_attr",
                "value": "bootstrap_token"
              }
            ],
            [
              {
                "type": "get_attr",
                "value": "machine_secrets"
              },
              {
                "type": "get_attr",
                "value": "secrets"
              },
              {
                "type": "get_attr",
                "value": "secretbox_encryption_secret"
              }
            ],
            [
              {
                "type": "get_attr",
                "value": "machine_secrets"
              },
              {
                "type": "get_attr",
                "value": "trustdinfo"
              },
              {
                "type": "get_attr",
                "value": "token"
              }
            ]
          ],
          "identity_schema_version": 0
        }
      ]
    },
    {
      "mode": "managed",
      "type": "terraform_data",
      "name": "capacity_assertions",
      "provider": "provider[\"terraform.io/builtin/terraform\"]",
      "instances": [
        {
          "schema_version": 0,
          "attributes": {
            "id": "61c49f67-913e-c23d-c55f-8f1e85bd581a",
            "input": {
              "value": {
                "capacity_total_memory": 96000,
                "capacity_total_vcpu": 104,
                "cluster_name": "talos-lab",
                "requested_total_memory": 20480,
                "requested_total_vcpu": 24
              },
              "type": [
                "object",
                {
                  "capacity_total_memory": "number",
                  "capacity_total_vcpu": "number",
                  "cluster_name": "string",
                  "requested_total_memory": "number",
                  "requested_total_vcpu": "number"
                }
              ]
            },
            "output": {
              "value": {
                "capacity_total_memory": 96000,
                "capacity_total_vcpu": 104,
                "cluster_name": "talos-lab",
                "requested_total_memory": 20480,
                "requested_total_vcpu": 24
              },
              "type": [
                "object",
                {
                  "capacity_total_memory": "number",
                  "capacity_total_vcpu": "number",
                  "cluster_name": "string",
                  "requested_total_memory": "number",
                  "requested_total_vcpu": "number"
                }
              ]
            },
            "triggers_replace": null
          },
          "sensitive_attributes": [],
          "identity_schema_version": 0
        }
      ]
    }
  ],
  "check_results": null
}
